
Microsoft Visual Studio Solution File, Format Version 12.00
# Visual Studio Version 16
VisualStudioVersion = 16.0.33423.256
MinimumVisualStudioVersion = 10.0.40219.1
Project("{8BC9CEB8-8B4A-11D0-8D11-00A0C91BC942}") = "ncnn_example", "ncnn_example\ncnn_example.vcxproj", "{98B0F641-5764-4E9F-BEF5-4BF272A5E868}"
EndProject
Global
	GlobalSection(SolutionConfigurationPlatforms) = preSolution
		Debug|x64 = Debug|x64
		Debug|x86 = Debug|x86
		Release|x64 = Release|x64
		Release|x86 = Release|x86
	EndGlobalSection
	GlobalSection(ProjectConfigurationPlatforms) = postSolution
		{98B0F641-5764-4E9F-BEF5-4BF272A5E868}.Debug|x64.ActiveCfg = Debug|x64
		{98B0F641-5764-4E9F-BEF5-4BF272A5E868}.Debug|x64.Build.0 = Debug|x64
		{98B0F641-5764-4E9F-BEF5-4BF272A5E868}.Debug|x86.ActiveCfg = Debug|Win32
		{98B0F641-5764-4E9F-BEF5-4BF272A5E868}.Debug|x86.Build.0 = Debug|Win32
		{98B0F641-5764-4E9F-BEF5-4BF272A5E868}.Release|x64.ActiveCfg = Release|x64
		{98B0F641-5764-4E9F-BEF5-4BF272A5E868}.Release|x64.Build.0 = Release|x64
		{98B0F641-5764-4E9F-BEF5-4BF272A5E868}.Release|x86.ActiveCfg = Release|Win32
		{98B0F641-5764-4E9F-BEF5-4BF272A5E868}.Release|x86.Build.0 = Release|Win32
	EndGlobalSection
	GlobalSection(SolutionProperties) = preSolution
		HideSolutionNode = FALSE
	EndGlobalSection
	GlobalSection(ExtensibilityGlobals) = postSolution
		SolutionGuid = {D7C78C10-17F7-4532-99C0-16A170CD8A4C}
	EndGlobalSection
EndGlobal
